{
  "name": "localbase_sandbox",
  "version": "1.0.0",
  "lockfileVersion": 2,
  "requires": true,
  "packages": {
    "": {
      "name": "localbase_sandbox",
      "version": "1.0.0",
      "license": "ISC",
      "dependencies": {
        "localbase": "^0.7.5"
      }
    },
    "node_modules/immediate": {
      "version": "3.0.6",
      "resolved": "https://registry.npmjs.org/immediate/-/immediate-3.0.6.tgz",
      "integrity": "sha512-XXOFtyqDjNDAQxVfYxuF7g9Il/IbWmmlQg2MYKOH8ExIT1qg6xc4zyS3HaEEATgs1btfzxq15ciUiY7gjSXRGQ=="
    },
    "node_modules/lie": {
      "version": "3.1.1",
      "resolved": "https://registry.npmjs.org/lie/-/lie-3.1.1.tgz",
      "integrity": "sha512-RiNhHysUjhrDQntfYSfY4MU24coXXdEOgw9WGcKHNeEwffDYbF//u87M1EWaMGzuFoSbqW0C9C6lEEhDOAswfw==",
      "dependencies": {
        "immediate": "~3.0.5"
      }
    },
    "node_modules/localbase": {
      "version": "0.7.5",
      "resolved": "https://registry.npmjs.org/localbase/-/localbase-0.7.5.tgz",
      "integrity": "sha512-LikkGiX/HdR0kZUUmoBjPMD5qyLBbO5SfQOPkZVXea3QwQTZBy5JxbRiEC1xy9tagFCfi90OP+23/V6Da/7DbQ==",
      "dependencies": {
        "localforage": "^1.7.4",
        "ordered-uuid": "^1.1.0"
      }
    },
    "node_modules/localforage": {
      "version": "1.10.0",
      "resolved": "https://registry.npmjs.org/localforage/-/localforage-1.10.0.tgz",
      "integrity": "sha512-14/H1aX7hzBBmmh7sGPd+AOMkkIrHM3Z1PAyGgZigA1H1p5O5ANnMyWzvpAETtG68/dC4pC0ncy3+PPGzXZHPg==",
      "dependencies": {
        "lie": "3.1.1"
      }
    },
    "node_modules/ordered-uuid": {
      "version": "1.1.0",
      "resolved": "https://registry.npmjs.org/ordered-uuid/-/ordered-uuid-1.1.0.tgz",
      "integrity": "sha512-pcbQ+w/1DIOFYsZRsjkNgxWRvLecCjpbVadcP9SQ/9oHSQr7VXS9+t5/FiPkqFvQGn3a4Hj0YL7R8q7cIgGXBA==",
      "dependencies": {
        "uuid": "^3.0.1"
      }
    },
    "node_modules/uuid": {
      "version": "3.4.0",
      "resolved": "https://registry.npmjs.org/uuid/-/uuid-3.4.0.tgz",
      "integrity": "sha512-HjSDRw6gZE5JMggctHBcjVak08+KEVhSIiDzFnT9S9aegmp85S/bReBVTb4QTFaRNptJ9kuYaNhnbNEOkbKb/A==",
      "deprecated": "Please upgrade  to version 7 or higher.  Older versions may use Math.random() in certain circumstances, which is known to be problematic.  See https://v8.dev/blog/math-random for details.",
      "bin": {
        "uuid": "bin/uuid"
      }
    }
  },
  "dependencies": {
    "immediate": {
      "version": "3.0.6",
      "resolved": "https://registry.npmjs.org/immediate/-/immediate-3.0.6.tgz",
      "integrity": "sha512-XXOFtyqDjNDAQxVfYxuF7g9Il/IbWmmlQg2MYKOH8ExIT1qg6xc4zyS3HaEEATgs1btfzxq15ciUiY7gjSXRGQ=="
    },
    "lie": {
      "version": "3.1.1",
      "resolved": "https://registry.npmjs.org/lie/-/lie-3.1.1.tgz",
      "integrity": "sha512-RiNhHysUjhrDQntfYSfY4MU24coXXdEOgw9WGcKHNeEwffDYbF//u87M1EWaMGzuFoSbqW0C9C6lEEhDOAswfw==",
      "requires": {
        "immediate": "~3.0.5"
      }
    },
    "localbase": {
      "version": "0.7.5",
      "resolved": "https://registry.npmjs.org/localbase/-/localbase-0.7.5.tgz",
      "integrity": "sha512-LikkGiX/HdR0kZUUmoBjPMD5qyLBbO5SfQOPkZVXea3QwQTZBy5JxbRiEC1xy9tagFCfi90OP+23/V6Da/7DbQ==",
      "requires": {
        "localforage": "^1.7.4",
        "ordered-uuid": "^1.1.0"
      }
    },
    "localforage": {
      "version": "1.10.0",
      "resolved": "https://registry.npmjs.org/localforage/-/localforage-1.10.0.tgz",
      "integrity": "sha512-14/H1aX7hzBBmmh7sGPd+AOMkkIrHM3Z1PAyGgZigA1H1p5O5ANnMyWzvpAETtG68/dC4pC0ncy3+PPGzXZHPg==",
      "requires": {
        "lie": "3.1.1"
      }
    },
    "ordered-uuid": {
      "version": "1.1.0",
      "resolved": "https://registry.npmjs.org/ordered-uuid/-/ordered-uuid-1.1.0.tgz",
      "integrity": "sha512-pcbQ+w/1DIOFYsZRsjkNgxWRvLecCjpbVadcP9SQ/9oHSQr7VXS9+t5/FiPkqFvQGn3a4Hj0YL7R8q7cIgGXBA==",
      "requires": {
        "uuid": "^3.0.1"
      }
    },
    "uuid": {
      "version": "3.4.0",
      "resolved": "https://registry.npmjs.org/uuid/-/uuid-3.4.0.tgz",
      "integrity": "sha512-HjSDRw6gZE5JMggctHBcjVak08+KEVhSIiDzFnT9S9aegmp85S/bReBVTb4QTFaRNptJ9kuYaNhnbNEOkbKb/A=="
    }
  }
}
